// !$*UTF8*$!
{
	archiveVersion = 1;
	classes = {
	};
	objectVersion = 46;
	objects = {

/* Begin PBXAggregateTarget section */
		79CDE5321DA928A4007D5DB7 /* MyAggregate */ = {
			isa = PBXAggregateTarget;
			buildConfigurationList = 79CDE5331DA928A4007D5DB7 /* Build configuration list for PBXAggregateTarget "MyAggregate" */;
			buildPhases = (
				795A4D5F1DAB3CEC00A96CF2 /* packageBundle */,
				790B48DA1DAB4725001631C4 /* ShellScript */,
			);
			dependencies = (
			);
			name = MyAggregate;
			productName = MyAggregate;
		};
/* End PBXAggregateTarget section */

/* Begin PBXBuildFile section */
		794752B91DAA802B00D78FA6 /* WXMain.storyboard in Resources */ = {isa = PBXBuildFile; fileRef = 794752B81DAA802B00D78FA6 /* WXMain.storyboard */; };
		794752BC1DAA806400D78FA6 /* StoryBoardFirstViewController.h in Headers */ = {isa = PBXBuildFile; fileRef = 794752BA1DAA806400D78FA6 /* StoryBoardFirstViewController.h */; settings = {ATTRIBUTES = (Public, ); }; };
		794752BD1DAA806400D78FA6 /* StoryBoardFirstViewController.m in Sources */ = {isa = PBXBuildFile; fileRef = 794752BB1DAA806400D78FA6 /* StoryBoardFirstViewController.m */; };
		794752BE1DAA80C400D78FA6 /* WXMain.storyboard in Resources */ = {isa = PBXBuildFile; fileRef = 794752B81DAA802B00D78FA6 /* WXMain.storyboard */; };
		796CF6AC1DA9D57900F850AF /* Images.xcassets in Resources */ = {isa = PBXBuildFile; fileRef = 796CF6AB1DA9D57900F850AF /* Images.xcassets */; };
		796CF6AF1DA9D7DB00F850AF /* Images.xcassets in Resources */ = {isa = PBXBuildFile; fileRef = 796CF6AB1DA9D57900F850AF /* Images.xcassets */; };
		796CF6BD1DA9E04600F850AF /* WXViewController.h in Headers */ = {isa = PBXBuildFile; fileRef = 796CF6BA1DA9E04600F850AF /* WXViewController.h */; settings = {ATTRIBUTES = (Public, ); }; };
		796CF6BE1DA9E04600F850AF /* WXViewController.m in Sources */ = {isa = PBXBuildFile; fileRef = 796CF6BB1DA9E04600F850AF /* WXViewController.m */; };
		796CF6BF1DA9E04600F850AF /* WXViewController.xib in Resources */ = {isa = PBXBuildFile; fileRef = 796CF6BC1DA9E04600F850AF /* WXViewController.xib */; };
		79CDE4B11DA8D939007D5DB7 /* WXFramework.framework in Frameworks */ = {isa = PBXBuildFile; fileRef = 79CDE4A71DA8D938007D5DB7 /* WXFramework.framework */; };
		79CDE4B61DA8D939007D5DB7 /* WXFrameworkTests.m in Sources */ = {isa = PBXBuildFile; fileRef = 79CDE4B51DA8D939007D5DB7 /* WXFrameworkTests.m */; };
		79CDE4B81DA8D939007D5DB7 /* WXFramework.h in Headers */ = {isa = PBXBuildFile; fileRef = 79CDE4AA1DA8D938007D5DB7 /* WXFramework.h */; settings = {ATTRIBUTES = (Public, ); }; };
		79CDE50C1DA9084F007D5DB7 /* ButtonUtil.m in Sources */ = {isa = PBXBuildFile; fileRef = 79CDE50A1DA9084F007D5DB7 /* ButtonUtil.m */; };
		79CDE5121DA90FB3007D5DB7 /* UIKit.framework in Frameworks */ = {isa = PBXBuildFile; fileRef = 79CDE50E1DA9087F007D5DB7 /* UIKit.framework */; };
		79CDE5161DA90FDA007D5DB7 /* LogHelper.m in Sources */ = {isa = PBXBuildFile; fileRef = 79CDE5141DA90FDA007D5DB7 /* LogHelper.m */; };
		79CDE5221DA91A03007D5DB7 /* LogHelper.h in Headers */ = {isa = PBXBuildFile; fileRef = 79CDE5131DA90FDA007D5DB7 /* LogHelper.h */; settings = {ATTRIBUTES = (Public, ); }; };
		79CDE5231DA91A03007D5DB7 /* ButtonUtil.h in Headers */ = {isa = PBXBuildFile; fileRef = 79CDE5091DA9084F007D5DB7 /* ButtonUtil.h */; settings = {ATTRIBUTES = (Public, ); }; };
		79ECE83E1DAA3AE800C1C039 /* WXViewController.xib in Resources */ = {isa = PBXBuildFile; fileRef = 796CF6BC1DA9E04600F850AF /* WXViewController.xib */; };
/* End PBXBuildFile section */

/* Begin PBXContainerItemProxy section */
		796CF6AD1DA9D6CE00F850AF /* PBXContainerItemProxy */ = {
			isa = PBXContainerItemProxy;
			containerPortal = 79CDE49E1DA8D938007D5DB7 /* Project object */;
			proxyType = 1;
			remoteGlobalIDString = 796CF6A21DA9D39200F850AF;
			remoteInfo = WXFrameworkResources;
		};
		79CDE4B21DA8D939007D5DB7 /* PBXContainerItemProxy */ = {
			isa = PBXContainerItemProxy;
			containerPortal = 79CDE49E1DA8D938007D5DB7 /* Project object */;
			proxyType = 1;
			remoteGlobalIDString = 79CDE4A61DA8D938007D5DB7;
			remoteInfo = WXFramework;
		};
/* End PBXContainerItemProxy section */

/* Begin PBXFileReference section */
		794752B81DAA802B00D78FA6 /* WXMain.storyboard */ = {isa = PBXFileReference; fileEncoding = 4; lastKnownFileType = file.storyboard; path = WXMain.storyboard; sourceTree = "<group>"; };
		794752BA1DAA806400D78FA6 /* StoryBoardFirstViewController.h */ = {isa = PBXFileReference; fileEncoding = 4; lastKnownFileType = sourcecode.c.h; path = StoryBoardFirstViewController.h; sourceTree = "<group>"; };
		794752BB1DAA806400D78FA6 /* StoryBoardFirstViewController.m */ = {isa = PBXFileReference; fileEncoding = 4; lastKnownFileType = sourcecode.c.objc; path = StoryBoardFirstViewController.m; sourceTree = "<group>"; };
		796CF6A31DA9D39200F850AF /* WXFramework.bundle */ = {isa = PBXFileReference; explicitFileType = wrapper.cfbundle; includeInIndex = 0; path = WXFramework.bundle; sourceTree = BUILT_PRODUCTS_DIR; };
		796CF6A51DA9D39200F850AF /* Info.plist */ = {isa = PBXFileReference; lastKnownFileType = text.plist.xml; path = Info.plist; sourceTree = "<group>"; };
		796CF6AB1DA9D57900F850AF /* Images.xcassets */ = {isa = PBXFileReference; lastKnownFileType = folder.assetcatalog; path = Images.xcassets; sourceTree = "<group>"; };
		796CF6BA1DA9E04600F850AF /* WXViewController.h */ = {isa = PBXFileReference; fileEncoding = 4; lastKnownFileType = sourcecode.c.h; path = WXViewController.h; sourceTree = "<group>"; };
		796CF6BB1DA9E04600F850AF /* WXViewController.m */ = {isa = PBXFileReference; fileEncoding = 4; lastKnownFileType = sourcecode.c.objc; path = WXViewController.m; sourceTree = "<group>"; };
		796CF6BC1DA9E04600F850AF /* WXViewController.xib */ = {isa = PBXFileReference; fileEncoding = 4; lastKnownFileType = file.xib; path = WXViewController.xib; sourceTree = "<group>"; };
		79CDE4A71DA8D938007D5DB7 /* WXFramework.framework */ = {isa = PBXFileReference; explicitFileType = wrapper.framework; includeInIndex = 0; path = WXFramework.framework; sourceTree = BUILT_PRODUCTS_DIR; };
		79CDE4AA1DA8D938007D5DB7 /* WXFramework.h */ = {isa = PBXFileReference; lastKnownFileType = sourcecode.c.h; path = WXFramework.h; sourceTree = "<group>"; };
		79CDE4AB1DA8D938007D5DB7 /* Info.plist */ = {isa = PBXFileReference; lastKnownFileType = text.plist.xml; path = Info.plist; sourceTree = "<group>"; };
		79CDE4B01DA8D939007D5DB7 /* WXFrameworkTests.xctest */ = {isa = PBXFileReference; explicitFileType = wrapper.cfbundle; includeInIndex = 0; path = WXFrameworkTests.xctest; sourceTree = BUILT_PRODUCTS_DIR; };
		79CDE4B51DA8D939007D5DB7 /* WXFrameworkTests.m */ = {isa = PBXFileReference; lastKnownFileType = sourcecode.c.objc; path = WXFrameworkTests.m; sourceTree = "<group>"; };
		79CDE4B71DA8D939007D5DB7 /* Info.plist */ = {isa = PBXFileReference; lastKnownFileType = text.plist.xml; path = Info.plist; sourceTree = "<group>"; };
		79CDE5091DA9084F007D5DB7 /* ButtonUtil.h */ = {isa = PBXFileReference; fileEncoding = 4; lastKnownFileType = sourcecode.c.h; path = ButtonUtil.h; sourceTree = "<group>"; };
		79CDE50A1DA9084F007D5DB7 /* ButtonUtil.m */ = {isa = PBXFileReference; fileEncoding = 4; lastKnownFileType = sourcecode.c.objc; path = ButtonUtil.m; sourceTree = "<group>"; };
		79CDE50E1DA9087F007D5DB7 /* UIKit.framework */ = {isa = PBXFileReference; lastKnownFileType = wrapper.framework; name = UIKit.framework; path = System/Library/Frameworks/UIKit.framework; sourceTree = SDKROOT; };
		79CDE5131DA90FDA007D5DB7 /* LogHelper.h */ = {isa = PBXFileReference; fileEncoding = 4; lastKnownFileType = sourcecode.c.h; path = LogHelper.h; sourceTree = "<group>"; };
		79CDE5141DA90FDA007D5DB7 /* LogHelper.m */ = {isa = PBXFileReference; fileEncoding = 4; lastKnownFileType = sourcecode.c.objc; path = LogHelper.m; sourceTree = "<group>"; };
		79CDE52C1DA91D0C007D5DB7 /* README.MD */ = {isa = PBXFileReference; fileEncoding = 4; lastKnownFileType = net.daringfireball.markdown; path = README.MD; sourceTree = "<group>"; };
/* End PBXFileReference section */

/* Begin PBXFrameworksBuildPhase section */
		796CF6A01DA9D39200F850AF /* Frameworks */ = {
			isa = PBXFrameworksBuildPhase;
			buildActionMask = 2147483647;
			files = (
			);
			runOnlyForDeploymentPostprocessing = 0;
		};
		79CDE4A31DA8D938007D5DB7 /* Frameworks */ = {
			isa = PBXFrameworksBuildPhase;
			buildActionMask = 2147483647;
			files = (
				79CDE5121DA90FB3007D5DB7 /* UIKit.framework in Frameworks */,
			);
			runOnlyForDeploymentPostprocessing = 0;
		};
		79CDE4AD1DA8D939007D5DB7 /* Frameworks */ = {
			isa = PBXFrameworksBuildPhase;
			buildActionMask = 2147483647;
			files = (
				79CDE4B11DA8D939007D5DB7 /* WXFramework.framework in Frameworks */,
			);
			runOnlyForDeploymentPostprocessing = 0;
		};
/* End PBXFrameworksBuildPhase section */

/* Begin PBXGroup section */
		796CF6A41DA9D39200F850AF /* WXFrameworkResources */ = {
			isa = PBXGroup;
			children = (
				796CF6A51DA9D39200F850AF /* Info.plist */,
			);
			path = WXFrameworkResources;
			sourceTree = "<group>";
		};
		79CDE49D1DA8D938007D5DB7 = {
			isa = PBXGroup;
			children = (
				79CDE52C1DA91D0C007D5DB7 /* README.MD */,
				79CDE4A91DA8D938007D5DB7 /* WXFramework */,
				79CDE4B41DA8D939007D5DB7 /* WXFrameworkTests */,
				796CF6A41DA9D39200F850AF /* WXFrameworkResources */,
				79CDE4A81DA8D938007D5DB7 /* Products */,
				79CDE50D1DA9087F007D5DB7 /* Frameworks */,
			);
			sourceTree = "<group>";
		};
		79CDE4A81DA8D938007D5DB7 /* Products */ = {
			isa = PBXGroup;
			children = (
				79CDE4A71DA8D938007D5DB7 /* WXFramework.framework */,
				79CDE4B01DA8D939007D5DB7 /* WXFrameworkTests.xctest */,
				796CF6A31DA9D39200F850AF /* WXFramework.bundle */,
			);
			name = Products;
			sourceTree = "<group>";
		};
		79CDE4A91DA8D938007D5DB7 /* WXFramework */ = {
			isa = PBXGroup;
			children = (
				79CDE5131DA90FDA007D5DB7 /* LogHelper.h */,
				79CDE5141DA90FDA007D5DB7 /* LogHelper.m */,
				79CDE5091DA9084F007D5DB7 /* ButtonUtil.h */,
				79CDE50A1DA9084F007D5DB7 /* ButtonUtil.m */,
				79CDE4AA1DA8D938007D5DB7 /* WXFramework.h */,
				79CDE4AB1DA8D938007D5DB7 /* Info.plist */,
				796CF6AB1DA9D57900F850AF /* Images.xcassets */,
				796CF6BA1DA9E04600F850AF /* WXViewController.h */,
				796CF6BB1DA9E04600F850AF /* WXViewController.m */,
				796CF6BC1DA9E04600F850AF /* WXViewController.xib */,
				794752B81DAA802B00D78FA6 /* WXMain.storyboard */,
				794752BA1DAA806400D78FA6 /* StoryBoardFirstViewController.h */,
				794752BB1DAA806400D78FA6 /* StoryBoardFirstViewController.m */,
			);
			path = WXFramework;
			sourceTree = "<group>";
		};
		79CDE4B41DA8D939007D5DB7 /* WXFrameworkTests */ = {
			isa = PBXGroup;
			children = (
				79CDE4B51DA8D939007D5DB7 /* WXFrameworkTests.m */,
				79CDE4B71DA8D939007D5DB7 /* Info.plist */,
			);
			path = WXFrameworkTests;
			sourceTree = "<group>";
		};
		79CDE50D1DA9087F007D5DB7 /* Frameworks */ = {
			isa = PBXGroup;
			children = (
				79CDE50E1DA9087F007D5DB7 /* UIKit.framework */,
			);
			name = Frameworks;
			sourceTree = "<group>";
		};
/* End PBXGroup section */

/* Begin PBXHeadersBuildPhase section */
		79CDE4A41DA8D938007D5DB7 /* Headers */ = {
			isa = PBXHeadersBuildPhase;
			buildActionMask = 2147483647;
			files = (
				79CDE4B81DA8D939007D5DB7 /* WXFramework.h in Headers */,
				79CDE5221DA91A03007D5DB7 /* LogHelper.h in Headers */,
				794752BC1DAA806400D78FA6 /* StoryBoardFirstViewController.h in Headers */,
				796CF6BD1DA9E04600F850AF /* WXViewController.h in Headers */,
				79CDE5231DA91A03007D5DB7 /* ButtonUtil.h in Headers */,
			);
			runOnlyForDeploymentPostprocessing = 0;
		};
/* End PBXHeadersBuildPhase section */

/* Begin PBXNativeTarget section */
		796CF6A21DA9D39200F850AF /* WXFrameworkResources */ = {
			isa = PBXNativeTarget;
			buildConfigurationList = 796CF6A81DA9D39200F850AF /* Build configuration list for PBXNativeTarget "WXFrameworkResources" */;
			buildPhases = (
				796CF69F1DA9D39200F850AF /* Sources */,
				796CF6A01DA9D39200F850AF /* Frameworks */,
				796CF6A11DA9D39200F850AF /* Resources */,
			);
			buildRules = (
			);
			dependencies = (
			);
			name = WXFrameworkResources;
			productName = WXFrameworkResources;
			productReference = 796CF6A31DA9D39200F850AF /* WXFramework.bundle */;
			productType = "com.apple.product-type.bundle";
		};
		79CDE4A61DA8D938007D5DB7 /* WXFramework */ = {
			isa = PBXNativeTarget;
			buildConfigurationList = 79CDE4BB1DA8D939007D5DB7 /* Build configuration list for PBXNativeTarget "WXFramework" */;
			buildPhases = (
				79CDE4A21DA8D938007D5DB7 /* Sources */,
				79CDE4A31DA8D938007D5DB7 /* Frameworks */,
				79CDE4A41DA8D938007D5DB7 /* Headers */,
				79CDE4A51DA8D938007D5DB7 /* Resources */,
			);
			buildRules = (
			);
			dependencies = (
				796CF6AE1DA9D6CE00F850AF /* PBXTargetDependency */,
			);
			name = WXFramework;
			productName = WXFramework;
			productReference = 79CDE4A71DA8D938007D5DB7 /* WXFramework.framework */;
			productType = "com.apple.product-type.framework";
		};
		79CDE4AF1DA8D939007D5DB7 /* WXFrameworkTests */ = {
			isa = PBXNativeTarget;
			buildConfigurationList = 79CDE4BE1DA8D939007D5DB7 /* Build configuration list for PBXNativeTarget "WXFrameworkTests" */;
			buildPhases = (
				79CDE4AC1DA8D939007D5DB7 /* Sources */,
				79CDE4AD1DA8D939007D5DB7 /* Frameworks */,
				79CDE4AE1DA8D939007D5DB7 /* Resources */,
			);
			buildRules = (
			);
			dependencies = (
				79CDE4B31DA8D939007D5DB7 /* PBXTargetDependency */,
			);
			name = WXFrameworkTests;
			productName = WXFrameworkTests;
			productReference = 79CDE4B01DA8D939007D5DB7 /* WXFrameworkTests.xctest */;
			productType = "com.apple.product-type.bundle.unit-test";
		};
/* End PBXNativeTarget section */

/* Begin PBXProject section */
		79CDE49E1DA8D938007D5DB7 /* Project object */ = {
			isa = PBXProject;
			attributes = {
				LastUpgradeCheck = 0800;
				ORGANIZATIONNAME = richard;
				TargetAttributes = {
					796CF6A21DA9D39200F850AF = {
						CreatedOnToolsVersion = 8.0;
						ProvisioningStyle = Automatic;
					};
					79CDE4A61DA8D938007D5DB7 = {
						CreatedOnToolsVersion = 8.0;
						ProvisioningStyle = Automatic;
					};
					79CDE4AF1DA8D939007D5DB7 = {
						CreatedOnToolsVersion = 8.0;
						ProvisioningStyle = Automatic;
					};
					79CDE5321DA928A4007D5DB7 = {
						CreatedOnToolsVersion = 8.0;
						ProvisioningStyle = Automatic;
					};
				};
			};
			buildConfigurationList = 79CDE4A11DA8D938007D5DB7 /* Build configuration list for PBXProject "WXFramework" */;
			compatibilityVersion = "Xcode 3.2";
			developmentRegion = English;
			hasScannedForEncodings = 0;
			knownRegions = (
				en,
			);
			mainGroup = 79CDE49D1DA8D938007D5DB7;
			productRefGroup = 79CDE4A81DA8D938007D5DB7 /* Products */;
			projectDirPath = "";
			projectRoot = "";
			targets = (
				79CDE4A61DA8D938007D5DB7 /* WXFramework */,
				79CDE4AF1DA8D939007D5DB7 /* WXFrameworkTests */,
				79CDE5321DA928A4007D5DB7 /* MyAggregate */,
				796CF6A21DA9D39200F850AF /* WXFrameworkResources */,
			);
		};
/* End PBXProject section */

/* Begin PBXResourcesBuildPhase section */
		796CF6A11DA9D39200F850AF /* Resources */ = {
			isa = PBXResourcesBuildPhase;
			buildActionMask = 2147483647;
			files = (
				794752BE1DAA80C400D78FA6 /* WXMain.storyboard in Resources */,
				79ECE83E1DAA3AE800C1C039 /* WXViewController.xib in Resources */,
				796CF6AF1DA9D7DB00F850AF /* Images.xcassets in Resources */,
			);
			runOnlyForDeploymentPostprocessing = 0;
		};
		79CDE4A51DA8D938007D5DB7 /* Resources */ = {
			isa = PBXResourcesBuildPhase;
			buildActionMask = 2147483647;
			files = (
				794752B91DAA802B00D78FA6 /* WXMain.storyboard in Resources */,
				796CF6AC1DA9D57900F850AF /* Images.xcassets in Resources */,
				796CF6BF1DA9E04600F850AF /* WXViewController.xib in Resources */,
			);
			runOnlyForDeploymentPostprocessing = 0;
		};
		79CDE4AE1DA8D939007D5DB7 /* Resources */ = {
			isa = PBXResourcesBuildPhase;
			buildActionMask = 2147483647;
			files = (
			);
			runOnlyForDeploymentPostprocessing = 0;
		};
/* End PBXResourcesBuildPhase section */

/* Begin PBXShellScriptBuildPhase section */
		790B48DA1DAB4725001631C4 /* ShellScript */ = {
			isa = PBXShellScriptBuildPhase;
			buildActionMask = 2147483647;
			files = (
			);
			inputPaths = (
			);
			outputPaths = (
			);
			runOnlyForDeploymentPostprocessing = 0;
			shellPath = /bin/sh;
			shellScript = "# Sets the target folders and the final framework product.\n# 如果工程名称和Framework的Target名称不一样的话，要自定义FMKNAME\n# 例如: FMK_NAME = \"MyFramework\"\nFMK_NAME=${PROJECT_NAME}.framework\n# Install dir will be the final output to the framework.\n# The following line create it in the root folder of the current project.\n\n#basepath=$(cd `dirname $0`; pwd)\n#open \"${BUILD_ROOT}\"\n\nINSTALL_DIR=${SRCROOT}/Products/${FMK_NAME}\n#cd \"${INSTALL_DIR}\"\n# Working dir will be deleted after the framework creation.\nWRK_DIR=${SRCROOT}/build\n\n#if [ -d \"${WRK_DIR}\" ]\n#then\n#rm -rf \"${WRK_DIR}\"\n#fi\n#mkdir -p \"${WRK_DIR}\"\n#cd \"${WRK_DIR}\"\nDEVICE_DIR=${WRK_DIR}/Release-iphoneos/${FMK_NAME}\nSIMULATOR_DIR=${WRK_DIR}/Release-iphonesimulator/${FMK_NAME}\n# -configuration ${CONFIGURATION}\n# Clean and Building both architectures.\n#xcodebuild -configuration \"Release\" -target \"${FMK_NAME}\" -sdk iphoneos clean build\n#xcodebuild -configuration \"Release\" -target \"${FMK_NAME}\" -sdk iphonesimulator clean build\n# the target name is equal to project name.==========================\nxcrun xcodebuild -project \"${PROJECT_FILE_PATH}\" -configuration \"Release\" -target \"${PROJECT_NAME}\" -sdk iphoneos clean build\nxcrun xcodebuild -project \"${PROJECT_FILE_PATH}\" -configuration \"Release\" -target \"${PROJECT_NAME}\" -sdk iphonesimulator clean build\n# Cleaning the oldest.\nif [ -d \"${INSTALL_DIR}\" ]\nthen\nrm -rf \"${INSTALL_DIR}\"\nfi\nmkdir -p \"${INSTALL_DIR}\"\ncp -R \"${DEVICE_DIR}/\" \"${INSTALL_DIR}/\"\n# Uses the Lipo Tool to merge both binary files (i386 + armv6/armv7) into one Universal final product.\n\nlipo -create \"${DEVICE_DIR}/${PROJECT_NAME}\" \"${SIMULATOR_DIR}/${PROJECT_NAME}\" -output \"${INSTALL_DIR}/${PROJECT_NAME}\"\nrm -r \"${WRK_DIR}\"\nopen \"${SRCROOT}/Products/\"\n\n";
		};
		795A4D5F1DAB3CEC00A96CF2 /* packageBundle */ = {
			isa = PBXShellScriptBuildPhase;
			buildActionMask = 2147483647;
			files = (
			);
			inputPaths = (
			);
			name = packageBundle;
			outputPaths = (
			);
			runOnlyForDeploymentPostprocessing = 0;
			shellPath = /bin/sh;
			shellScript = "# begin =============================================\n\n\n\n# Sets the target folders and the final framework product.\n\n# 如果工程名称和Framework的Target名称不一样的话，要自定义FMKNAME\n\n# 例如: FMK_NAME = \"MyFramework\"\n\nFMK_NAME=${PROJECT_NAME}\nTARGET_NAME=WXFrameworkResources\n\n\n# Install dir will be the final output to the framework.\n\n# The following line create it in the root folder of the current project.\n\nINSTALL_DIR=${SRCROOT}/Products/${FMK_NAME}.bundle\n\n\n\n# Working dir will be deleted after the framework creation.\n\nWRK_DIR=build\n\nDEVICE_DIR=${WRK_DIR}/Release-iphoneos/${FMK_NAME}.bundle\n\nSIMULATOR_DIR=${WRK_DIR}/Release-iphonesimulator/${FMK_NAME}.bundle\n\n\n\n# -configuration ${CONFIGURATION}\n\n# Clean and Building both architectures.\n\nxcodebuild -configuration \"Release\" -target \"${TARGET_NAME}\" -sdk iphoneos -arch armv7 -arch armv7s -arch arm64 clean build\n\nxcodebuild -configuration \"Release\" -target \"${TARGET_NAME}\" -sdk iphonesimulator -arch x86_64 clean build\n\n\n\n# Cleaning the oldest.\n\nif [ -d \"${INSTALL_DIR}\" ]\n\nthen\n\nrm -rf \"${INSTALL_DIR}\"\n\nfi\n\n\nmkdir -p \"${INSTALL_DIR}\"\n\n\ncp -R \"${DEVICE_DIR}/\" \"${INSTALL_DIR}/\"\n\n# Uses the Lipo Tool to merge both binary files (i386 + armv6/armv7) into one Universal final product.\n\nlipo -create \"${DEVICE_DIR}/${FMK_NAME}\" \"${SIMULATOR_DIR}/${FMK_NAME}\" -output \"${INSTALL_DIR}/${FMK_NAME}\"\n\nrm -r \"${WRK_DIR}\"\n\nopen \"${SRCROOT}/Products/\"\n\n\n# end ===============================================";
		};
/* End PBXShellScriptBuildPhase section */

/* Begin PBXSourcesBuildPhase section */
		796CF69F1DA9D39200F850AF /* Sources */ = {
			isa = PBXSourcesBuildPhase;
			buildActionMask = 2147483647;
			files = (
			);
			runOnlyForDeploymentPostprocessing = 0;
		};
		79CDE4A21DA8D938007D5DB7 /* Sources */ = {
			isa = PBXSourcesBuildPhase;
			buildActionMask = 2147483647;
			files = (
				79CDE50C1DA9084F007D5DB7 /* ButtonUtil.m in Sources */,
				79CDE5161DA90FDA007D5DB7 /* LogHelper.m in Sources */,
				794752BD1DAA806400D78FA6 /* StoryBoardFirstViewController.m in Sources */,
				796CF6BE1DA9E04600F850AF /* WXViewController.m in Sources */,
			);
			runOnlyForDeploymentPostprocessing = 0;
		};
		79CDE4AC1DA8D939007D5DB7 /* Sources */ = {
			isa = PBXSourcesBuildPhase;
			buildActionMask = 2147483647;
			files = (
				79CDE4B61DA8D939007D5DB7 /* WXFrameworkTests.m in Sources */,
			);
			runOnlyForDeploymentPostprocessing = 0;
		};
/* End PBXSourcesBuildPhase section */

/* Begin PBXTargetDependency section */
		796CF6AE1DA9D6CE00F850AF /* PBXTargetDependency */ = {
			isa = PBXTargetDependency;
			target = 796CF6A21DA9D39200F850AF /* WXFrameworkResources */;
			targetProxy = 796CF6AD1DA9D6CE00F850AF /* PBXContainerItemProxy */;
		};
		79CDE4B31DA8D939007D5DB7 /* PBXTargetDependency */ = {
			isa = PBXTargetDependency;
			target = 79CDE4A61DA8D938007D5DB7 /* WXFramework */;
			targetProxy = 79CDE4B21DA8D939007D5DB7 /* PBXContainerItemProxy */;
		};
/* End PBXTargetDependency section */

/* Begin XCBuildConfiguration section */
		796CF6A61DA9D39200F850AF /* Debug */ = {
			isa = XCBuildConfiguration;
			buildSettings = {
				CODE_SIGN_IDENTITY = "-";
				COMBINE_HIDPI_IMAGES = NO;
				ENABLE_BITCODE = NO;
				INFOPLIST_FILE = WXFrameworkResources/Info.plist;
				INSTALL_PATH = "$(LOCAL_LIBRARY_DIR)/Bundles";
				MACOSX_DEPLOYMENT_TARGET = 10.12;
				PRODUCT_BUNDLE_IDENTIFIER = com.richard.WXFrameworkResources;
				PRODUCT_NAME = "$(PROJECT_NAME)";
				SDKROOT = iphoneos10.0;
				SKIP_INSTALL = YES;
				SUPPORTED_PLATFORMS = "iphonesimulator iphoneos";
				WRAPPER_EXTENSION = bundle;
			};
			name = Debug;
		};
		796CF6A71DA9D39200F850AF /* Release */ = {
			isa = XCBuildConfiguration;
			buildSettings = {
				CODE_SIGN_IDENTITY = "-";
				COMBINE_HIDPI_IMAGES = NO;
				ENABLE_BITCODE = NO;
				INFOPLIST_FILE = WXFrameworkResources/Info.plist;
				INSTALL_PATH = "$(LOCAL_LIBRARY_DIR)/Bundles";
				MACOSX_DEPLOYMENT_TARGET = 10.12;
				PRODUCT_BUNDLE_IDENTIFIER = com.richard.WXFrameworkResources;
				PRODUCT_NAME = "$(PROJECT_NAME)";
				SDKROOT = iphoneos10.0;
				SKIP_INSTALL = YES;
				SUPPORTED_PLATFORMS = "iphonesimulator iphoneos";
				WRAPPER_EXTENSION = bundle;
			};
			name = Release;
		};
		79CDE4B91DA8D939007D5DB7 /* Debug */ = {
			isa = XCBuildConfiguration;
			buildSettings = {
				ALWAYS_SEARCH_USER_PATHS = NO;
				CLANG_ANALYZER_NONNULL = YES;
				CLANG_CXX_LANGUAGE_STANDARD = "gnu++0x";
				CLANG_CXX_LIBRARY = "libc++";
				CLANG_ENABLE_MODULES = YES;
				CLANG_ENABLE_OBJC_ARC = YES;
				CLANG_WARN_BOOL_CONVERSION = YES;
				CLANG_WARN_CONSTANT_CONVERSION = YES;
				CLANG_WARN_DIRECT_OBJC_ISA_USAGE = YES_ERROR;
				CLANG_WARN_DOCUMENTATION_COMMENTS = YES;
				CLANG_WARN_EMPTY_BODY = YES;
				CLANG_WARN_ENUM_CONVERSION = YES;
				CLANG_WARN_INFINITE_RECURSION = YES;
				CLANG_WARN_INT_CONVERSION = YES;
				CLANG_WARN_OBJC_ROOT_CLASS = YES_ERROR;
				CLANG_WARN_SUSPICIOUS_MOVES = YES;
				CLANG_WARN_UNREACHABLE_CODE = YES;
				CLANG_WARN__DUPLICATE_METHOD_MATCH = YES;
				"CODE_SIGN_IDENTITY[sdk=iphoneos*]" = "iPhone Developer";
				COPY_PHASE_STRIP = NO;
				CURRENT_PROJECT_VERSION = 1;
				DEBUG_INFORMATION_FORMAT = dwarf;
				ENABLE_STRICT_OBJC_MSGSEND = YES;
				ENABLE_TESTABILITY = YES;
				GCC_C_LANGUAGE_STANDARD = gnu99;
				GCC_DYNAMIC_NO_PIC = NO;
				GCC_NO_COMMON_BLOCKS = YES;
				GCC_OPTIMIZATION_LEVEL = 0;
				GCC_PREPROCESSOR_DEFINITIONS = (
					"DEBUG=1",
					"$(inherited)",
				);
				GCC_WARN_64_TO_32_BIT_CONVERSION = YES;
				GCC_WARN_ABOUT_RETURN_TYPE = YES_ERROR;
				GCC_WARN_UNDECLARED_SELECTOR = YES;
				GCC_WARN_UNINITIALIZED_AUTOS = YES_AGGRESSIVE;
				GCC_WARN_UNUSED_FUNCTION = YES;
				GCC_WARN_UNUSED_VARIABLE = YES;
				IPHONEOS_DEPLOYMENT_TARGET = 10.0;
				MTL_ENABLE_DEBUG_INFO = YES;
				ONLY_ACTIVE_ARCH = YES;
				SDKROOT = iphoneos;
				TARGETED_DEVICE_FAMILY = "1,2";
				VERSIONING_SYSTEM = "apple-generic";
				VERSION_INFO_PREFIX = "";
			};
			name = Debug;
		};
		79CDE4BA1DA8D939007D5DB7 /* Release */ = {
			isa = XCBuildConfiguration;
			buildSettings = {
				ALWAYS_SEARCH_USER_PATHS = NO;
				CLANG_ANALYZER_NONNULL = YES;
				CLANG_CXX_LANGUAGE_STANDARD = "gnu++0x";
				CLANG_CXX_LIBRARY = "libc++";
				CLANG_ENABLE_MODULES = YES;
				CLANG_ENABLE_OBJC_ARC = YES;
				CLANG_WARN_BOOL_CONVERSION = YES;
				CLANG_WARN_CONSTANT_CONVERSION = YES;
				CLANG_WARN_DIRECT_OBJC_ISA_USAGE = YES_ERROR;
				CLANG_WARN_DOCUMENTATION_COMMENTS = YES;
				CLANG_WARN_EMPTY_BODY = YES;
				CLANG_WARN_ENUM_CONVERSION = YES;
				CLANG_WARN_INFINITE_RECURSION = YES;
				CLANG_WARN_INT_CONVERSION = YES;
				CLANG_WARN_OBJC_ROOT_CLASS = YES_ERROR;
				CLANG_WARN_SUSPICIOUS_MOVES = YES;
				CLANG_WARN_UNREACHABLE_CODE = YES;
				CLANG_WARN__DUPLICATE_METHOD_MATCH = YES;
				"CODE_SIGN_IDENTITY[sdk=iphoneos*]" = "iPhone Developer";
				COPY_PHASE_STRIP = NO;
				CURRENT_PROJECT_VERSION = 1;
				DEBUG_INFORMATION_FORMAT = "dwarf-with-dsym";
				ENABLE_NS_ASSERTIONS = NO;
				ENABLE_STRICT_OBJC_MSGSEND = YES;
				GCC_C_LANGUAGE_STANDARD = gnu99;
				GCC_NO_COMMON_BLOCKS = YES;
				GCC_WARN_64_TO_32_BIT_CONVERSION = YES;
				GCC_WARN_ABOUT_RETURN_TYPE = YES_ERROR;
				GCC_WARN_UNDECLARED_SELECTOR = YES;
				GCC_WARN_UNINITIALIZED_AUTOS = YES_AGGRESSIVE;
				GCC_WARN_UNUSED_FUNCTION = YES;
				GCC_WARN_UNUSED_VARIABLE = YES;
				IPHONEOS_DEPLOYMENT_TARGET = 10.0;
				MTL_ENABLE_DEBUG_INFO = NO;
				SDKROOT = iphoneos;
				TARGETED_DEVICE_FAMILY = "1,2";
				VALIDATE_PRODUCT = YES;
				VERSIONING_SYSTEM = "apple-generic";
				VERSION_INFO_PREFIX = "";
			};
			name = Release;
		};
		79CDE4BC1DA8D939007D5DB7 /* Debug */ = {
			isa = XCBuildConfiguration;
			buildSettings = {
				CODE_SIGN_IDENTITY = "";
				DEFINES_MODULE = YES;
				DYLIB_COMPATIBILITY_VERSION = 1;
				DYLIB_CURRENT_VERSION = 1;
				DYLIB_INSTALL_NAME_BASE = "@rpath";
				ENABLE_BITCODE = NO;
				INFOPLIST_FILE = WXFramework/Info.plist;
				INSTALL_PATH = "$(LOCAL_LIBRARY_DIR)/Frameworks";
				LD_RUNPATH_SEARCH_PATHS = "$(inherited) @executable_path/Frameworks @loader_path/Frameworks";
				MACH_O_TYPE = mh_dylib;
				OTHER_LDFLAGS = "-ObjC";
				PRODUCT_BUNDLE_IDENTIFIER = com.richard.WXFramework;
				PRODUCT_NAME = "$(TARGET_NAME)";
				SKIP_INSTALL = YES;
			};
			name = Debug;
		};
		79CDE4BD1DA8D939007D5DB7 /* Release */ = {
			isa = XCBuildConfiguration;
			buildSettings = {
				CODE_SIGN_IDENTITY = "";
				DEFINES_MODULE = YES;
				DYLIB_COMPATIBILITY_VERSION = 1;
				DYLIB_CURRENT_VERSION = 1;
				DYLIB_INSTALL_NAME_BASE = "@rpath";
				ENABLE_BITCODE = NO;
				INFOPLIST_FILE = WXFramework/Info.plist;
				INSTALL_PATH = "$(LOCAL_LIBRARY_DIR)/Frameworks";
				LD_RUNPATH_SEARCH_PATHS = "$(inherited) @executable_path/Frameworks @loader_path/Frameworks";
				MACH_O_TYPE = mh_dylib;
				OTHER_LDFLAGS = "-ObjC";
				PRODUCT_BUNDLE_IDENTIFIER = com.richard.WXFramework;
				PRODUCT_NAME = "$(TARGET_NAME)";
				SKIP_INSTALL = YES;
			};
			name = Release;
		};
		79CDE4BF1DA8D939007D5DB7 /* Debug */ = {
			isa = XCBuildConfiguration;
			buildSettings = {
				INFOPLIST_FILE = WXFrameworkTests/Info.plist;
				LD_RUNPATH_SEARCH_PATHS = "$(inherited) @executable_path/Frameworks @loader_path/Frameworks";
				PRODUCT_BUNDLE_IDENTIFIER = com.richard.WXFrameworkTests;
				PRODUCT_NAME = "$(TARGET_NAME)";
			};
			name = Debug;
		};
		79CDE4C01DA8D939007D5DB7 /* Release */ = {
			isa = XCBuildConfiguration;
			buildSettings = {
				INFOPLIST_FILE = WXFrameworkTests/Info.plist;
				LD_RUNPATH_SEARCH_PATHS = "$(inherited) @executable_path/Frameworks @loader_path/Frameworks";
				PRODUCT_BUNDLE_IDENTIFIER = com.richard.WXFrameworkTests;
				PRODUCT_NAME = "$(TARGET_NAME)";
			};
			name = Release;
		};
		79CDE5341DA928A4007D5DB7 /* Debug */ = {
			isa = XCBuildConfiguration;
			buildSettings = {
				ENABLE_BITCODE = NO;
				PRODUCT_NAME = "$(TARGET_NAME)";
			};
			name = Debug;
		};
		79CDE5351DA928A4007D5DB7 /* Release */ = {
			isa = XCBuildConfiguration;
			buildSettings = {
				ENABLE_BITCODE = NO;
				ONLY_ACTIVE_ARCH = NO;
				PRODUCT_NAME = "$(TARGET_NAME)";
			};
			name = Release;
		};
/* End XCBuildConfiguration section */

/* Begin XCConfigurationList section */
		796CF6A81DA9D39200F850AF /* Build configuration list for PBXNativeTarget "WXFrameworkResources" */ = {
			isa = XCConfigurationList;
			buildConfigurations = (
				796CF6A61DA9D39200F850AF /* Debug */,
				796CF6A71DA9D39200F850AF /* Release */,
			);
			defaultConfigurationIsVisible = 0;
			defaultConfigurationName = Release;
		};
		79CDE4A11DA8D938007D5DB7 /* Build configuration list for PBXProject "WXFramework" */ = {
			isa = XCConfigurationList;
			buildConfigurations = (
				79CDE4B91DA8D939007D5DB7 /* Debug */,
				79CDE4BA1DA8D939007D5DB7 /* Release */,
			);
			defaultConfigurationIsVisible = 0;
			defaultConfigurationName = Release;
		};
		79CDE4BB1DA8D939007D5DB7 /* Build configuration list for PBXNativeTarget "WXFramework" */ = {
			isa = XCConfigurationList;
			buildConfigurations = (
				79CDE4BC1DA8D939007D5DB7 /* Debug */,
				79CDE4BD1DA8D939007D5DB7 /* Release */,
			);
			defaultConfigurationIsVisible = 0;
			defaultConfigurationName = Release;
		};
		79CDE4BE1DA8D939007D5DB7 /* Build configuration list for PBXNativeTarget "WXFrameworkTests" */ = {
			isa = XCConfigurationList;
			buildConfigurations = (
				79CDE4BF1DA8D939007D5DB7 /* Debug */,
				79CDE4C01DA8D939007D5DB7 /* Release */,
			);
			defaultConfigurationIsVisible = 0;
			defaultConfigurationName = Release;
		};
		79CDE5331DA928A4007D5DB7 /* Build configuration list for PBXAggregateTarget "MyAggregate" */ = {
			isa = XCConfigurationList;
			buildConfigurations = (
				79CDE5341DA928A4007D5DB7 /* Debug */,
				79CDE5351DA928A4007D5DB7 /* Release */,
			);
			defaultConfigurationIsVisible = 0;
			defaultConfigurationName = Release;
		};
/* End XCConfigurationList section */
	};
	rootObject = 79CDE49E1DA8D938007D5DB7 /* Project object */;
}
